PODS:
  - Kiwi (2.4.0)
  - RBToolKit (0.1.1):
    - RBToolKit/CountDown (= 0.1.1)
    - RBToolKit/InterFace (= 0.1.1)
    - RBToolKit/Localize (= 0.1.1)
    - RBToolKit/Time (= 0.1.1)
  - RBToolKit/CountDown (0.1.1):
    - ReactiveObjC
  - RBToolKit/InterFace (0.1.1)
  - RBToolKit/Localize (0.1.1)
  - RBToolKit/Time (0.1.1)
  - ReactiveObjC (3.1.0)

DEPENDENCIES:
  - Kiwi
  - RBToolKit (from `../`)

SPEC REPOS:
  https://github.com/CocoaPods/Specs.git:
    - Kiwi
    - ReactiveObjC

EXTERNAL SOURCES:
  RBToolKit:
    :path: "../"

SPEC CHECKSUMS:
  Kiwi: f49c9d54b28917df5928fe44968a39ed198cb8a8
  RBToolKit: 5f3a6642e82c9e786e04b024aa846b66d0a4d927
  ReactiveObjC: 2a38ea15335de4119d8b17caf1db1484f61db902

PODFILE CHECKSUM: e3337a2c6a67f1bfc40f1593dc0defff28c8d2e2

COCOAPODS: 1.5.0
