PODS:
  - Kiwi (2.4.0)
  - MJRefresh (3.1.15.3)
  - RBToolKit (0.1.1):
    - RBToolKit/CountDown (= 0.1.1)
    - RBToolKit/File (= 0.1.1)
    - RBToolKit/InterFace (= 0.1.1)
    - RBToolKit/Localize (= 0.1.1)
    - RBToolKit/TableView (= 0.1.1)
    - RBToolKit/Time (= 0.1.1)
  - RBToolKit/CountDown (0.1.1):
    - ReactiveObjC
  - RBToolKit/File (0.1.1)
  - RBToolKit/InterFace (0.1.1)
  - RBToolKit/Localize (0.1.1)
  - RBToolKit/TableView (0.1.1):
    - MJRefresh
    - ReactiveObjC
  - RBToolKit/Time (0.1.1)
  - ReactiveObjC (3.1.0)

DEPENDENCIES:
  - Kiwi
  - RBToolKit (from `../`)

SPEC REPOS:
  https://github.com/CocoaPods/Specs.git:
    - Kiwi
    - MJRefresh
    - ReactiveObjC

EXTERNAL SOURCES:
  RBToolKit:
    :path: "../"

SPEC CHECKSUMS:
  Kiwi: f49c9d54b28917df5928fe44968a39ed198cb8a8
  MJRefresh: b48380ae2b927b46c4ef000de9adb8dc748e1df7
  RBToolKit: 7c590fb8bbb19710fb5080624970c8a48db37762
  ReactiveObjC: 2a38ea15335de4119d8b17caf1db1484f61db902

PODFILE CHECKSUM: e3337a2c6a67f1bfc40f1593dc0defff28c8d2e2

COCOAPODS: 1.5.0
